{
  "name": "FlowReborn",
  "lockfileVersion": 2,
  "requires": true,
  "packages": {
    "": {
      "dependencies": {
        "react-image-file-resizer": "^0.4.8"
      }
    },
    "node_modules/react-image-file-resizer": {
      "version": "0.4.8",
      "resolved": "https://registry.npmjs.org/react-image-file-resizer/-/react-image-file-resizer-0.4.8.tgz",
      "integrity": "sha512-Ue7CfKnSlsfJ//SKzxNMz8avDgDSpWQDOnTKOp/GNRFJv4dO9L5YGHNEnj40peWkXXAK2OK0eRIoXhOYpUzUTQ=="
    }
  },
  "dependencies": {
    "react-image-file-resizer": {
      "version": "0.4.8",
      "resolved": "https://registry.npmjs.org/react-image-file-resizer/-/react-image-file-resizer-0.4.8.tgz",
      "integrity": "sha512-Ue7CfKnSlsfJ//SKzxNMz8avDgDSpWQDOnTKOp/GNRFJv4dO9L5YGHNEnj40peWkXXAK2OK0eRIoXhOYpUzUTQ=="
    }
  }
}
